
Microsoft Visual Studio Solution File, Format Version 12.00
# Visual Studio Version 16
VisualStudioVersion = 16.0.32929.386
MinimumVisualStudioVersion = 10.0.40219.1
Project("{9A19103F-16F7-4668-BE54-9A1E7A4F7556}") = "HelloCS", "HelloCS.csproj", "{F32556D3-3C8D-482B-86C0-FEA424DC51FC}"
EndProject
Project("{9A19103F-16F7-4668-BE54-9A1E7A4F7556}") = "Numbers", "..\Numbers\Numbers.csproj", "{AA83C7DD-F1AB-4FCD-ACC0-DC2702DC32FC}"
EndProject
Project("{9A19103F-16F7-4668-BE54-9A1E7A4F7556}") = "Variables", "..\Variables\Variables.csproj", "{962E9C7E-1EC0-4D50-87EE-C3EE004A8BDB}"
EndProject
Project("{9A19103F-16F7-4668-BE54-9A1E7A4F7556}") = "Arrays", "..\Arrays\Arrays.csproj", "{4550E2FD-3CC9-4559-BAA1-B821142DF55B}"
EndProject
Project("{9A19103F-16F7-4668-BE54-9A1E7A4F7556}") = "NullHandling", "..\NullHandling\NullHandling.csproj", "{78CDC283-7B1D-4105-AA00-1E2797FDF1B6}"
EndProject
Project("{FAE04EC0-301F-11D3-BF4B-00C04F79EFBC}") = "Formatting", "..\Formatting\Formatting.csproj", "{C09D9D92-54C8-4BA4-9004-86AE14300BE0}"
EndProject
Project("{FAE04EC0-301F-11D3-BF4B-00C04F79EFBC}") = "Arguments", "..\Arguments\Arguments.csproj", "{B626CD94-9E9C-4AD6-9692-41280A6BABCB}"
EndProject
Project("{FAE04EC0-301F-11D3-BF4B-00C04F79EFBC}") = "HandlingExceptions", "..\HandlingExceptions\HandlingExceptions.csproj", "{1B89A34D-4650-4DDF-A7C9-97BD8E9E3910}"
EndProject
Project("{FAE04EC0-301F-11D3-BF4B-00C04F79EFBC}") = "CheckingForOverflow", "..\CheckingForOverflow\CheckingForOverflow.csproj", "{F01D0D42-2172-4B6C-ACD4-00871A9E2AE7}"
EndProject
Project("{FAE04EC0-301F-11D3-BF4B-00C04F79EFBC}") = "WritingFunctions", "..\WritingFunctions\WritingFunctions.csproj", "{3E4E5214-2176-4019-932C-FD8795FAD6A9}"
EndProject
Project("{FAE04EC0-301F-11D3-BF4B-00C04F79EFBC}") = "Debagging", "..\Debagging\Debagging.csproj", "{70E6D8C9-0E17-414B-BA95-5C4FDB750D5A}"
EndProject
Global
	GlobalSection(SolutionConfigurationPlatforms) = preSolution
		Debug|Any CPU = Debug|Any CPU
		Release|Any CPU = Release|Any CPU
	EndGlobalSection
	GlobalSection(ProjectConfigurationPlatforms) = postSolution
		{F32556D3-3C8D-482B-86C0-FEA424DC51FC}.Debug|Any CPU.ActiveCfg = Debug|Any CPU
		{F32556D3-3C8D-482B-86C0-FEA424DC51FC}.Debug|Any CPU.Build.0 = Debug|Any CPU
		{F32556D3-3C8D-482B-86C0-FEA424DC51FC}.Release|Any CPU.ActiveCfg = Release|Any CPU
		{F32556D3-3C8D-482B-86C0-FEA424DC51FC}.Release|Any CPU.Build.0 = Release|Any CPU
		{AA83C7DD-F1AB-4FCD-ACC0-DC2702DC32FC}.Debug|Any CPU.ActiveCfg = Debug|Any CPU
		{AA83C7DD-F1AB-4FCD-ACC0-DC2702DC32FC}.Debug|Any CPU.Build.0 = Debug|Any CPU
		{AA83C7DD-F1AB-4FCD-ACC0-DC2702DC32FC}.Release|Any CPU.ActiveCfg = Release|Any CPU
		{AA83C7DD-F1AB-4FCD-ACC0-DC2702DC32FC}.Release|Any CPU.Build.0 = Release|Any CPU
		{962E9C7E-1EC0-4D50-87EE-C3EE004A8BDB}.Debug|Any CPU.ActiveCfg = Debug|Any CPU
		{962E9C7E-1EC0-4D50-87EE-C3EE004A8BDB}.Debug|Any CPU.Build.0 = Debug|Any CPU
		{962E9C7E-1EC0-4D50-87EE-C3EE004A8BDB}.Release|Any CPU.ActiveCfg = Release|Any CPU
		{962E9C7E-1EC0-4D50-87EE-C3EE004A8BDB}.Release|Any CPU.Build.0 = Release|Any CPU
		{4550E2FD-3CC9-4559-BAA1-B821142DF55B}.Debug|Any CPU.ActiveCfg = Debug|Any CPU
		{4550E2FD-3CC9-4559-BAA1-B821142DF55B}.Debug|Any CPU.Build.0 = Debug|Any CPU
		{4550E2FD-3CC9-4559-BAA1-B821142DF55B}.Release|Any CPU.ActiveCfg = Release|Any CPU
		{4550E2FD-3CC9-4559-BAA1-B821142DF55B}.Release|Any CPU.Build.0 = Release|Any CPU
		{78CDC283-7B1D-4105-AA00-1E2797FDF1B6}.Debug|Any CPU.ActiveCfg = Debug|Any CPU
		{78CDC283-7B1D-4105-AA00-1E2797FDF1B6}.Debug|Any CPU.Build.0 = Debug|Any CPU
		{78CDC283-7B1D-4105-AA00-1E2797FDF1B6}.Release|Any CPU.ActiveCfg = Release|Any CPU
		{78CDC283-7B1D-4105-AA00-1E2797FDF1B6}.Release|Any CPU.Build.0 = Release|Any CPU
		{C09D9D92-54C8-4BA4-9004-86AE14300BE0}.Debug|Any CPU.ActiveCfg = Debug|Any CPU
		{C09D9D92-54C8-4BA4-9004-86AE14300BE0}.Debug|Any CPU.Build.0 = Debug|Any CPU
		{C09D9D92-54C8-4BA4-9004-86AE14300BE0}.Release|Any CPU.ActiveCfg = Release|Any CPU
		{C09D9D92-54C8-4BA4-9004-86AE14300BE0}.Release|Any CPU.Build.0 = Release|Any CPU
		{B626CD94-9E9C-4AD6-9692-41280A6BABCB}.Debug|Any CPU.ActiveCfg = Debug|Any CPU
		{B626CD94-9E9C-4AD6-9692-41280A6BABCB}.Debug|Any CPU.Build.0 = Debug|Any CPU
		{B626CD94-9E9C-4AD6-9692-41280A6BABCB}.Release|Any CPU.ActiveCfg = Release|Any CPU
		{B626CD94-9E9C-4AD6-9692-41280A6BABCB}.Release|Any CPU.Build.0 = Release|Any CPU
		{1B89A34D-4650-4DDF-A7C9-97BD8E9E3910}.Debug|Any CPU.ActiveCfg = Debug|Any CPU
		{1B89A34D-4650-4DDF-A7C9-97BD8E9E3910}.Debug|Any CPU.Build.0 = Debug|Any CPU
		{1B89A34D-4650-4DDF-A7C9-97BD8E9E3910}.Release|Any CPU.ActiveCfg = Release|Any CPU
		{1B89A34D-4650-4DDF-A7C9-97BD8E9E3910}.Release|Any CPU.Build.0 = Release|Any CPU
		{F01D0D42-2172-4B6C-ACD4-00871A9E2AE7}.Debug|Any CPU.ActiveCfg = Debug|Any CPU
		{F01D0D42-2172-4B6C-ACD4-00871A9E2AE7}.Debug|Any CPU.Build.0 = Debug|Any CPU
		{F01D0D42-2172-4B6C-ACD4-00871A9E2AE7}.Release|Any CPU.ActiveCfg = Release|Any CPU
		{F01D0D42-2172-4B6C-ACD4-00871A9E2AE7}.Release|Any CPU.Build.0 = Release|Any CPU
		{3E4E5214-2176-4019-932C-FD8795FAD6A9}.Debug|Any CPU.ActiveCfg = Debug|Any CPU
		{3E4E5214-2176-4019-932C-FD8795FAD6A9}.Debug|Any CPU.Build.0 = Debug|Any CPU
		{3E4E5214-2176-4019-932C-FD8795FAD6A9}.Release|Any CPU.ActiveCfg = Release|Any CPU
		{3E4E5214-2176-4019-932C-FD8795FAD6A9}.Release|Any CPU.Build.0 = Release|Any CPU
		{70E6D8C9-0E17-414B-BA95-5C4FDB750D5A}.Debug|Any CPU.ActiveCfg = Debug|Any CPU
		{70E6D8C9-0E17-414B-BA95-5C4FDB750D5A}.Debug|Any CPU.Build.0 = Debug|Any CPU
		{70E6D8C9-0E17-414B-BA95-5C4FDB750D5A}.Release|Any CPU.ActiveCfg = Release|Any CPU
		{70E6D8C9-0E17-414B-BA95-5C4FDB750D5A}.Release|Any CPU.Build.0 = Release|Any CPU
	EndGlobalSection
	GlobalSection(SolutionProperties) = preSolution
		HideSolutionNode = FALSE
	EndGlobalSection
	GlobalSection(ExtensibilityGlobals) = postSolution
		SolutionGuid = {A41FD942-6974-4A0D-8B42-3AFC12703CC8}
	EndGlobalSection
EndGlobal
